
Microsoft Visual Studio Solution File, Format Version 12.00
# Visual Studio 15
VisualStudioVersion = 15.0.27428.2027
MinimumVisualStudioVersion = 10.0.40219.1
Project("{FAE04EC0-301F-11D3-BF4B-00C04F79EFBC}") = "SimpleCalculator", "SimpleCalculator\SimpleCalculator.csproj", "{843A30C6-A85A-485D-AE44-D335DB7C00AB}"
EndProject
Global
	GlobalSection(SolutionConfigurationPlatforms) = preSolution
		Debug|Any CPU = Debug|Any CPU
		Release|Any CPU = Release|Any CPU
	EndGlobalSection
	GlobalSection(ProjectConfigurationPlatforms) = postSolution
		{843A30C6-A85A-485D-AE44-D335DB7C00AB}.Debug|Any CPU.ActiveCfg = Debug|Any CPU
		{843A30C6-A85A-485D-AE44-D335DB7C00AB}.Debug|Any CPU.Build.0 = Debug|Any CPU
		{843A30C6-A85A-485D-AE44-D335DB7C00AB}.Release|Any CPU.ActiveCfg = Release|Any CPU
		{843A30C6-A85A-485D-AE44-D335DB7C00AB}.Release|Any CPU.Build.0 = Release|Any CPU
	EndGlobalSection
	GlobalSection(SolutionProperties) = preSolution
		HideSolutionNode = FALSE
	EndGlobalSection
	GlobalSection(ExtensibilityGlobals) = postSolution
		SolutionGuid = {2FDD4DF4-8305-4EDC-B7A1-1A43DED8ABC9}
	EndGlobalSection
EndGlobal
